
Microsoft Visual Studio Solution File, Format Version 12.00
# Visual Studio 14
VisualStudioVersion = 14.0.25420.1
MinimumVisualStudioVersion = 10.0.40219.1
Project("{FAE04EC0-301F-11D3-BF4B-00C04F79EFBC}") = "Date", "Date\Date.csproj", "{27D19638-69D0-47D4-845E-0CAE7536FF30}"
EndProject
Project("{FAE04EC0-301F-11D3-BF4B-00C04F79EFBC}") = "DoseHistory", "DoseHistory\DoseHistory.csproj", "{7CD40DFB-C1C7-468E-BD59-452BFEA32C42}"
EndProject
Project("{FAE04EC0-301F-11D3-BF4B-00C04F79EFBC}") = "Model", "Model\Model.csproj", "{DF395D56-6BB1-40EF-8E40-4D6E9999CB3E}"
EndProject
Project("{FAE04EC0-301F-11D3-BF4B-00C04F79EFBC}") = "Core", "Core\Core.csproj", "{E05678AE-025E-4242-A0F3-637D524A6860}"
EndProject
Project("{FAE04EC0-301F-11D3-BF4B-00C04F79EFBC}") = "UnitTests", "UnitTests\UnitTests.csproj", "{11DC5013-3143-4CBA-B471-07643B51442F}"
EndProject
Project("{FAE04EC0-301F-11D3-BF4B-00C04F79EFBC}") = "Common", "Common\Common.csproj", "{21B38D12-92B3-4F52-80B6-3C2655C8B285}"
EndProject
Project("{FAE04EC0-301F-11D3-BF4B-00C04F79EFBC}") = "Refdata", "Refdata\Refdata.csproj", "{9D2A56A8-6260-44BA-AC87-44C2AA692AC5}"
EndProject
Project("{FAE04EC0-301F-11D3-BF4B-00C04F79EFBC}") = "Testcases", "Testcases\Testcases.csproj", "{B7B31CA0-2AF7-441A-8968-02CBD12B6D4E}"
EndProject
Global
	GlobalSection(SolutionConfigurationPlatforms) = preSolution
		Debug|Any CPU = Debug|Any CPU
		Deploy|Any CPU = Deploy|Any CPU
		Package|Any CPU = Package|Any CPU
		Release|Any CPU = Release|Any CPU
	EndGlobalSection
	GlobalSection(ProjectConfigurationPlatforms) = postSolution
		{27D19638-69D0-47D4-845E-0CAE7536FF30}.Debug|Any CPU.ActiveCfg = Debug|Any CPU
		{27D19638-69D0-47D4-845E-0CAE7536FF30}.Debug|Any CPU.Build.0 = Debug|Any CPU
		{27D19638-69D0-47D4-845E-0CAE7536FF30}.Deploy|Any CPU.ActiveCfg = Debug|Any CPU
		{27D19638-69D0-47D4-845E-0CAE7536FF30}.Deploy|Any CPU.Build.0 = Debug|Any CPU
		{27D19638-69D0-47D4-845E-0CAE7536FF30}.Package|Any CPU.ActiveCfg = Release|Any CPU
		{27D19638-69D0-47D4-845E-0CAE7536FF30}.Package|Any CPU.Build.0 = Release|Any CPU
		{27D19638-69D0-47D4-845E-0CAE7536FF30}.Release|Any CPU.ActiveCfg = Release|Any CPU
		{27D19638-69D0-47D4-845E-0CAE7536FF30}.Release|Any CPU.Build.0 = Release|Any CPU
		{7CD40DFB-C1C7-468E-BD59-452BFEA32C42}.Debug|Any CPU.ActiveCfg = Debug|Any CPU
		{7CD40DFB-C1C7-468E-BD59-452BFEA32C42}.Debug|Any CPU.Build.0 = Debug|Any CPU
		{7CD40DFB-C1C7-468E-BD59-452BFEA32C42}.Deploy|Any CPU.ActiveCfg = Debug|Any CPU
		{7CD40DFB-C1C7-468E-BD59-452BFEA32C42}.Deploy|Any CPU.Build.0 = Debug|Any CPU
		{7CD40DFB-C1C7-468E-BD59-452BFEA32C42}.Package|Any CPU.ActiveCfg = Release|Any CPU
		{7CD40DFB-C1C7-468E-BD59-452BFEA32C42}.Package|Any CPU.Build.0 = Release|Any CPU
		{7CD40DFB-C1C7-468E-BD59-452BFEA32C42}.Release|Any CPU.ActiveCfg = Release|Any CPU
		{7CD40DFB-C1C7-468E-BD59-452BFEA32C42}.Release|Any CPU.Build.0 = Release|Any CPU
		{DF395D56-6BB1-40EF-8E40-4D6E9999CB3E}.Debug|Any CPU.ActiveCfg = Debug|Any CPU
		{DF395D56-6BB1-40EF-8E40-4D6E9999CB3E}.Debug|Any CPU.Build.0 = Debug|Any CPU
		{DF395D56-6BB1-40EF-8E40-4D6E9999CB3E}.Deploy|Any CPU.ActiveCfg = Debug|Any CPU
		{DF395D56-6BB1-40EF-8E40-4D6E9999CB3E}.Deploy|Any CPU.Build.0 = Debug|Any CPU
		{DF395D56-6BB1-40EF-8E40-4D6E9999CB3E}.Package|Any CPU.ActiveCfg = Release|Any CPU
		{DF395D56-6BB1-40EF-8E40-4D6E9999CB3E}.Package|Any CPU.Build.0 = Release|Any CPU
		{DF395D56-6BB1-40EF-8E40-4D6E9999CB3E}.Release|Any CPU.ActiveCfg = Release|Any CPU
		{DF395D56-6BB1-40EF-8E40-4D6E9999CB3E}.Release|Any CPU.Build.0 = Release|Any CPU
		{E05678AE-025E-4242-A0F3-637D524A6860}.Debug|Any CPU.ActiveCfg = Debug|Any CPU
		{E05678AE-025E-4242-A0F3-637D524A6860}.Debug|Any CPU.Build.0 = Debug|Any CPU
		{E05678AE-025E-4242-A0F3-637D524A6860}.Deploy|Any CPU.ActiveCfg = Debug|Any CPU
		{E05678AE-025E-4242-A0F3-637D524A6860}.Deploy|Any CPU.Build.0 = Debug|Any CPU
		{E05678AE-025E-4242-A0F3-637D524A6860}.Package|Any CPU.ActiveCfg = Release|Any CPU
		{E05678AE-025E-4242-A0F3-637D524A6860}.Package|Any CPU.Build.0 = Release|Any CPU
		{E05678AE-025E-4242-A0F3-637D524A6860}.Release|Any CPU.ActiveCfg = Release|Any CPU
		{E05678AE-025E-4242-A0F3-637D524A6860}.Release|Any CPU.Build.0 = Release|Any CPU
		{11DC5013-3143-4CBA-B471-07643B51442F}.Debug|Any CPU.ActiveCfg = Debug|Any CPU
		{11DC5013-3143-4CBA-B471-07643B51442F}.Debug|Any CPU.Build.0 = Debug|Any CPU
		{11DC5013-3143-4CBA-B471-07643B51442F}.Deploy|Any CPU.ActiveCfg = Debug|Any CPU
		{11DC5013-3143-4CBA-B471-07643B51442F}.Deploy|Any CPU.Build.0 = Debug|Any CPU
		{11DC5013-3143-4CBA-B471-07643B51442F}.Package|Any CPU.ActiveCfg = Release|Any CPU
		{11DC5013-3143-4CBA-B471-07643B51442F}.Package|Any CPU.Build.0 = Release|Any CPU
		{11DC5013-3143-4CBA-B471-07643B51442F}.Release|Any CPU.ActiveCfg = Release|Any CPU
		{11DC5013-3143-4CBA-B471-07643B51442F}.Release|Any CPU.Build.0 = Release|Any CPU
		{21B38D12-92B3-4F52-80B6-3C2655C8B285}.Debug|Any CPU.ActiveCfg = Debug|Any CPU
		{21B38D12-92B3-4F52-80B6-3C2655C8B285}.Debug|Any CPU.Build.0 = Debug|Any CPU
		{21B38D12-92B3-4F52-80B6-3C2655C8B285}.Deploy|Any CPU.ActiveCfg = Debug|Any CPU
		{21B38D12-92B3-4F52-80B6-3C2655C8B285}.Deploy|Any CPU.Build.0 = Debug|Any CPU
		{21B38D12-92B3-4F52-80B6-3C2655C8B285}.Package|Any CPU.ActiveCfg = Release|Any CPU
		{21B38D12-92B3-4F52-80B6-3C2655C8B285}.Package|Any CPU.Build.0 = Release|Any CPU
		{21B38D12-92B3-4F52-80B6-3C2655C8B285}.Release|Any CPU.ActiveCfg = Release|Any CPU
		{21B38D12-92B3-4F52-80B6-3C2655C8B285}.Release|Any CPU.Build.0 = Release|Any CPU
		{9D2A56A8-6260-44BA-AC87-44C2AA692AC5}.Debug|Any CPU.ActiveCfg = Debug|Any CPU
		{9D2A56A8-6260-44BA-AC87-44C2AA692AC5}.Debug|Any CPU.Build.0 = Debug|Any CPU
		{9D2A56A8-6260-44BA-AC87-44C2AA692AC5}.Deploy|Any CPU.ActiveCfg = Deploy|Any CPU
		{9D2A56A8-6260-44BA-AC87-44C2AA692AC5}.Deploy|Any CPU.Build.0 = Deploy|Any CPU
		{9D2A56A8-6260-44BA-AC87-44C2AA692AC5}.Package|Any CPU.ActiveCfg = Package|Any CPU
		{9D2A56A8-6260-44BA-AC87-44C2AA692AC5}.Package|Any CPU.Build.0 = Package|Any CPU
		{9D2A56A8-6260-44BA-AC87-44C2AA692AC5}.Release|Any CPU.ActiveCfg = Release|Any CPU
		{9D2A56A8-6260-44BA-AC87-44C2AA692AC5}.Release|Any CPU.Build.0 = Release|Any CPU
		{B7B31CA0-2AF7-441A-8968-02CBD12B6D4E}.Debug|Any CPU.ActiveCfg = Debug|Any CPU
		{B7B31CA0-2AF7-441A-8968-02CBD12B6D4E}.Debug|Any CPU.Build.0 = Debug|Any CPU
		{B7B31CA0-2AF7-441A-8968-02CBD12B6D4E}.Deploy|Any CPU.ActiveCfg = Debug|Any CPU
		{B7B31CA0-2AF7-441A-8968-02CBD12B6D4E}.Deploy|Any CPU.Build.0 = Debug|Any CPU
		{B7B31CA0-2AF7-441A-8968-02CBD12B6D4E}.Package|Any CPU.ActiveCfg = Release|Any CPU
		{B7B31CA0-2AF7-441A-8968-02CBD12B6D4E}.Package|Any CPU.Build.0 = Release|Any CPU
		{B7B31CA0-2AF7-441A-8968-02CBD12B6D4E}.Release|Any CPU.ActiveCfg = Release|Any CPU
		{B7B31CA0-2AF7-441A-8968-02CBD12B6D4E}.Release|Any CPU.Build.0 = Release|Any CPU
	EndGlobalSection
	GlobalSection(SolutionProperties) = preSolution
		HideSolutionNode = FALSE
	EndGlobalSection
EndGlobal
